<?xml version="1.0" encoding="utf-8"?>
<Project ToolsVersion="4.0" xmlns="http://schemas.microsoft.com/developer/msbuild/2003">
  <ItemGroup>
    <ClInclude Include="..\..\include\asl.h" />
    <ClInclude Include="context\context.h">
      <Filter>context</Filter>
    </ClInclude>
    <ClInclude Include="utils\assert\assert.h">
      <Filter>utils\assert</Filter>
    </ClInclude>
    <ClInclude Include="precomp\precomp.h">
      <Filter>precomp</Filter>
    </ClInclude>
    <ClInclude Include="utils\log\log.h">
      <Filter>utils\log</Filter>
    </ClInclude>
    <ClInclude Include="context\vm\opcodes.h">
      <Filter>context\vm</Filter>
    </ClInclude>
    <ClInclude Include="context\vm\vm.h">
      <Filter>context\vm</Filter>
    </ClInclude>
    <ClInclude Include="context\vm\ast\ast_node.h">
      <Filter>context\vm\ast</Filter>
    </ClInclude>
    <ClInclude Include="context\type_system\type_info.h">
      <Filter>context\type_manager</Filter>
    </ClInclude>
    <ClInclude Include="context\type_system\type_manager.h">
      <Filter>context\type_manager</Filter>
    </ClInclude>
    <ClInclude Include="context\vm\value.h">
      <Filter>context\vm</Filter>
    </ClInclude>
  </ItemGroup>
  <ItemGroup>
    <Filter Include="context">
      <UniqueIdentifier>{7f6eacf1-bfd7-49ab-9622-afa19d267452}</UniqueIdentifier>
    </Filter>
    <Filter Include="utils">
      <UniqueIdentifier>{ec376d3a-ed14-456b-8ef5-b3495943ac3c}</UniqueIdentifier>
    </Filter>
    <Filter Include="utils\assert">
      <UniqueIdentifier>{74406d4d-e254-4f61-ad09-9c660cf26a78}</UniqueIdentifier>
    </Filter>
    <Filter Include="precomp">
      <UniqueIdentifier>{269020bb-efd7-461f-8926-490dfbb23292}</UniqueIdentifier>
    </Filter>
    <Filter Include="utils\log">
      <UniqueIdentifier>{f968d2a1-9b95-4426-af12-50ba2d2bda1c}</UniqueIdentifier>
    </Filter>
    <Filter Include="context\vm">
      <UniqueIdentifier>{c28b73cc-62df-4986-a78e-da08a3217eed}</UniqueIdentifier>
    </Filter>
    <Filter Include="context\vm\ast">
      <UniqueIdentifier>{5a809e84-ef88-4360-96cb-a2230f970b8e}</UniqueIdentifier>
    </Filter>
    <Filter Include="context\type_manager">
      <UniqueIdentifier>{82780708-aaf1-4a03-9c76-8d9f2bbb3c1f}</UniqueIdentifier>
    </Filter>
  </ItemGroup>
  <ItemGroup>
    <ClCompile Include="context\context.cpp">
      <Filter>context</Filter>
    </ClCompile>
    <ClCompile Include="asl.cpp" />
    <ClCompile Include="utils\assert\assert.cpp">
      <Filter>utils\assert</Filter>
    </ClCompile>
    <ClCompile Include="precomp\precomp.cpp">
      <Filter>precomp</Filter>
    </ClCompile>
    <ClCompile Include="utils\log\log.cpp">
      <Filter>utils\log</Filter>
    </ClCompile>
    <ClCompile Include="context\vm\opcodes.cpp">
      <Filter>context\vm</Filter>
    </ClCompile>
    <ClCompile Include="context\vm\vm.cpp">
      <Filter>context\vm</Filter>
    </ClCompile>
    <ClCompile Include="context\type_system\type_info.cpp">
      <Filter>context\type_manager</Filter>
    </ClCompile>
    <ClCompile Include="context\type_system\type_manager.cpp">
      <Filter>context\type_manager</Filter>
    </ClCompile>
    <ClCompile Include="context\vm\value.cpp">
      <Filter>context\vm</Filter>
    </ClCompile>
  </ItemGroup>
</Project>